
Microsoft Visual Studio Solution File, Format Version 12.00
# Visual Studio Version 17
VisualStudioVersion = 17.11.35312.102
MinimumVisualStudioVersion = 10.0.40219.1
Project("{9A19103F-16F7-4668-BE54-9A1E7A4F7556}") = "CashMapper", "CashMapper\CashMapper.csproj", "{01C7AA77-8068-4E61-916E-8FD13BD75E34}"
EndProject
Project("{2150E333-8FDC-42A3-9474-1A3956D46DE8}") = "Solution Items", "Solution Items", "{7B936663-8A4E-405C-B06D-5D5EB8846E8F}"
	ProjectSection(SolutionItems) = preProject
		DesignNotes.txt = DesignNotes.txt
		ReadMe.md = ReadMe.md
	EndProjectSection
EndProject
Project("{9A19103F-16F7-4668-BE54-9A1E7A4F7556}") = "ConsoleDemoApp", "ConsoleDemoApp\ConsoleDemoApp.csproj", "{05CA4E68-A1FC-4421-8B84-73C1546DBEC0}"
EndProject
Project("{9A19103F-16F7-4668-BE54-9A1E7A4F7556}") = "TestProject", "TestProject\TestProject.csproj", "{F1D2B3C8-4D01-4106-8178-1C8998B4D136}"
EndProject
Project("{9A19103F-16F7-4668-BE54-9A1E7A4F7556}") = "CashMapperWebApi", "CashMapperWebApi\CashMapperWebApi.csproj", "{8B488EDD-E043-4499-AD6C-ADB52F6286DA}"
EndProject
Project("{54A90642-561A-4BB1-A94E-469ADEE60C69}") = "CashMapperReactApp", "CashMapperReactApp\CashMapperReactApp.esproj", "{2457F30A-620B-48FB-9A08-F607FFB7785E}"
EndProject
Global
	GlobalSection(SolutionConfigurationPlatforms) = preSolution
		Debug|Any CPU = Debug|Any CPU
		Release|Any CPU = Release|Any CPU
	EndGlobalSection
	GlobalSection(ProjectConfigurationPlatforms) = postSolution
		{01C7AA77-8068-4E61-916E-8FD13BD75E34}.Debug|Any CPU.ActiveCfg = Debug|Any CPU
		{01C7AA77-8068-4E61-916E-8FD13BD75E34}.Debug|Any CPU.Build.0 = Debug|Any CPU
		{01C7AA77-8068-4E61-916E-8FD13BD75E34}.Release|Any CPU.ActiveCfg = Release|Any CPU
		{01C7AA77-8068-4E61-916E-8FD13BD75E34}.Release|Any CPU.Build.0 = Release|Any CPU
		{05CA4E68-A1FC-4421-8B84-73C1546DBEC0}.Debug|Any CPU.ActiveCfg = Debug|Any CPU
		{05CA4E68-A1FC-4421-8B84-73C1546DBEC0}.Debug|Any CPU.Build.0 = Debug|Any CPU
		{05CA4E68-A1FC-4421-8B84-73C1546DBEC0}.Release|Any CPU.ActiveCfg = Release|Any CPU
		{05CA4E68-A1FC-4421-8B84-73C1546DBEC0}.Release|Any CPU.Build.0 = Release|Any CPU
		{F1D2B3C8-4D01-4106-8178-1C8998B4D136}.Debug|Any CPU.ActiveCfg = Debug|Any CPU
		{F1D2B3C8-4D01-4106-8178-1C8998B4D136}.Debug|Any CPU.Build.0 = Debug|Any CPU
		{F1D2B3C8-4D01-4106-8178-1C8998B4D136}.Release|Any CPU.ActiveCfg = Release|Any CPU
		{F1D2B3C8-4D01-4106-8178-1C8998B4D136}.Release|Any CPU.Build.0 = Release|Any CPU
		{8B488EDD-E043-4499-AD6C-ADB52F6286DA}.Debug|Any CPU.ActiveCfg = Debug|Any CPU
		{8B488EDD-E043-4499-AD6C-ADB52F6286DA}.Debug|Any CPU.Build.0 = Debug|Any CPU
		{8B488EDD-E043-4499-AD6C-ADB52F6286DA}.Release|Any CPU.ActiveCfg = Release|Any CPU
		{8B488EDD-E043-4499-AD6C-ADB52F6286DA}.Release|Any CPU.Build.0 = Release|Any CPU
		{2457F30A-620B-48FB-9A08-F607FFB7785E}.Debug|Any CPU.ActiveCfg = Debug|Any CPU
		{2457F30A-620B-48FB-9A08-F607FFB7785E}.Debug|Any CPU.Build.0 = Debug|Any CPU
		{2457F30A-620B-48FB-9A08-F607FFB7785E}.Debug|Any CPU.Deploy.0 = Debug|Any CPU
		{2457F30A-620B-48FB-9A08-F607FFB7785E}.Release|Any CPU.ActiveCfg = Release|Any CPU
		{2457F30A-620B-48FB-9A08-F607FFB7785E}.Release|Any CPU.Build.0 = Release|Any CPU
		{2457F30A-620B-48FB-9A08-F607FFB7785E}.Release|Any CPU.Deploy.0 = Release|Any CPU
	EndGlobalSection
	GlobalSection(SolutionProperties) = preSolution
		HideSolutionNode = FALSE
	EndGlobalSection
	GlobalSection(ExtensibilityGlobals) = postSolution
		SolutionGuid = {6C8E897F-A533-41C0-B4BF-0B2D3CFBAD95}
	EndGlobalSection
EndGlobal
